
Microsoft Visual Studio Solution File, Format Version 12.00
# Visual Studio Version 16
VisualStudioVersion = 16.0.30011.22
MinimumVisualStudioVersion = 10.0.40219.1
Project("{9A19103F-16F7-4668-BE54-9A1E7A4F7556}") = "WorldWideImporters", "WorldWideImporters\WorldWideImporters.csproj", "{5B38F25B-08DE-448A-BD6E-E8CDF7D34C1D}"
EndProject
Project("{9A19103F-16F7-4668-BE54-9A1E7A4F7556}") = "WorldWideImporters.Database", "WorldWideImporters.DAL\WorldWideImporters.Database.csproj", "{153AD7D0-6A4C-4879-A520-18DDEBE86A1C}"
EndProject
Global
	GlobalSection(SolutionConfigurationPlatforms) = preSolution
		Debug|Any CPU = Debug|Any CPU
		Release|Any CPU = Release|Any CPU
	EndGlobalSection
	GlobalSection(ProjectConfigurationPlatforms) = postSolution
		{5B38F25B-08DE-448A-BD6E-E8CDF7D34C1D}.Debug|Any CPU.ActiveCfg = Debug|Any CPU
		{5B38F25B-08DE-448A-BD6E-E8CDF7D34C1D}.Debug|Any CPU.Build.0 = Debug|Any CPU
		{5B38F25B-08DE-448A-BD6E-E8CDF7D34C1D}.Release|Any CPU.ActiveCfg = Release|Any CPU
		{5B38F25B-08DE-448A-BD6E-E8CDF7D34C1D}.Release|Any CPU.Build.0 = Release|Any CPU
		{153AD7D0-6A4C-4879-A520-18DDEBE86A1C}.Debug|Any CPU.ActiveCfg = Debug|Any CPU
		{153AD7D0-6A4C-4879-A520-18DDEBE86A1C}.Debug|Any CPU.Build.0 = Debug|Any CPU
		{153AD7D0-6A4C-4879-A520-18DDEBE86A1C}.Release|Any CPU.ActiveCfg = Release|Any CPU
		{153AD7D0-6A4C-4879-A520-18DDEBE86A1C}.Release|Any CPU.Build.0 = Release|Any CPU
	EndGlobalSection
	GlobalSection(SolutionProperties) = preSolution
		HideSolutionNode = FALSE
	EndGlobalSection
	GlobalSection(ExtensibilityGlobals) = postSolution
		SolutionGuid = {DB1CA9A5-62BA-410C-98E6-F3182035F48F}
	EndGlobalSection
EndGlobal
